
Microsoft Visual Studio Solution File, Format Version 12.00
# Visual Studio Version 17
VisualStudioVersion = 17.3.32929.385
MinimumVisualStudioVersion = 10.0.40219.1
Project("{FAE04EC0-301F-11D3-BF4B-00C04F79EFBC}") = "DemoAPI", "DemoAPI\DemoAPI.csproj", "{1081C102-DF56-4321-BD60-242A7DE900B8}"
EndProject
Global
	GlobalSection(SolutionConfigurationPlatforms) = preSolution
		Debug|Any CPU = Debug|Any CPU
		Release|Any CPU = Release|Any CPU
	EndGlobalSection
	GlobalSection(ProjectConfigurationPlatforms) = postSolution
		{1081C102-DF56-4321-BD60-242A7DE900B8}.Debug|Any CPU.ActiveCfg = Debug|Any CPU
		{1081C102-DF56-4321-BD60-242A7DE900B8}.Debug|Any CPU.Build.0 = Debug|Any CPU
		{1081C102-DF56-4321-BD60-242A7DE900B8}.Release|Any CPU.ActiveCfg = Release|Any CPU
		{1081C102-DF56-4321-BD60-242A7DE900B8}.Release|Any CPU.Build.0 = Release|Any CPU
	EndGlobalSection
	GlobalSection(SolutionProperties) = preSolution
		HideSolutionNode = FALSE
	EndGlobalSection
	GlobalSection(ExtensibilityGlobals) = postSolution
		SolutionGuid = {96D055EF-FDBF-48C7-B3F9-689F36B63AF2}
	EndGlobalSection
EndGlobal
